
Microsoft Visual Studio Solution File, Format Version 12.00
# Visual Studio Version 16
VisualStudioVersion = 16.0.30204.135
MinimumVisualStudioVersion = 10.0.40219.1
Project("{FAE04EC0-301F-11D3-BF4B-00C04F79EFBC}") = "ConsoleApp25", "ConsoleApp25\ConsoleApp25.csproj", "{10A96C49-DE8A-4361-8E7B-0E196F32EA9C}"
EndProject
Global
	GlobalSection(SolutionConfigurationPlatforms) = preSolution
		Debug|Any CPU = Debug|Any CPU
		Release|Any CPU = Release|Any CPU
	EndGlobalSection
	GlobalSection(ProjectConfigurationPlatforms) = postSolution
		{10A96C49-DE8A-4361-8E7B-0E196F32EA9C}.Debug|Any CPU.ActiveCfg = Debug|Any CPU
		{10A96C49-DE8A-4361-8E7B-0E196F32EA9C}.Debug|Any CPU.Build.0 = Debug|Any CPU
		{10A96C49-DE8A-4361-8E7B-0E196F32EA9C}.Release|Any CPU.ActiveCfg = Release|Any CPU
		{10A96C49-DE8A-4361-8E7B-0E196F32EA9C}.Release|Any CPU.Build.0 = Release|Any CPU
	EndGlobalSection
	GlobalSection(SolutionProperties) = preSolution
		HideSolutionNode = FALSE
	EndGlobalSection
	GlobalSection(ExtensibilityGlobals) = postSolution
		SolutionGuid = {13F43562-68E3-4F54-AE09-0B743977FDB2}
	EndGlobalSection
EndGlobal
